{
  "version": 4,
  "terraform_version": "1.4.6",
  "serial": 419,
  "lineage": "aa33a517-9a1f-b853-2bd9-51f0221b5db2",
  "outputs": {},
  "resources": [
    {
      "mode": "data",
      "type": "aws_security_group",
      "name": "default",
      "provider": "provider[\"registry.terraform.io/hashicorp/aws\"]",
      "instances": [
        {
          "schema_version": 0,
          "attributes": {
            "arn": "arn:aws:ec2:eu-central-1:242794709741:security-group/sg-0ff561ac98263bf74",
            "description": "default VPC security group",
            "filter": null,
            "id": "sg-0ff561ac98263bf74",
            "name": "default",
            "tags": {},
            "timeouts": null,
            "vpc_id": "vpc-095365bfaa0a0a10c"
          },
          "sensitive_attributes": []
        }
      ]
    },
    {
      "mode": "data",
      "type": "aws_security_group",
      "name": "selected_ag",
      "provider": "provider[\"registry.terraform.io/hashicorp/aws\"]",
      "instances": [
        {
          "schema_version": 0,
          "attributes": {
            "arn": "arn:aws:ec2:eu-central-1:242794709741:security-group/sg-0e81e1283fd368739",
            "description": "Allow PostgreSQL \u0026 SSH access",
            "filter": [
              {
                "name": "tag:Name",
                "values": [
                  "allow_ssh_postgresql_destination"
                ]
              }
            ],
            "id": "sg-0e81e1283fd368739",
            "name": "allow_postgresql_ingress_destination",
            "tags": {
              "Name": "allow_ssh_postgresql_destination"
            },
            "timeouts": null,
            "vpc_id": "vpc-095365bfaa0a0a10c"
          },
          "sensitive_attributes": []
        }
      ]
    },
    {
      "mode": "data",
      "type": "aws_subnet",
      "name": "ec2_subnet",
      "provider": "provider[\"registry.terraform.io/hashicorp/aws\"]",
      "instances": [
        {
          "schema_version": 0,
          "attributes": {
            "arn": "arn:aws:ec2:eu-central-1:242794709741:subnet/subnet-0f68870f46bb2ee95",
            "assign_ipv6_address_on_creation": false,
            "availability_zone": "eu-central-1c",
            "availability_zone_id": "euc1-az1",
            "available_ip_address_count": 249,
            "cidr_block": "10.69.22.0/24",
            "customer_owned_ipv4_pool": "",
            "default_for_az": false,
            "enable_dns64": false,
            "enable_lni_at_device_index": 0,
            "enable_resource_name_dns_a_record_on_launch": false,
            "enable_resource_name_dns_aaaa_record_on_launch": false,
            "filter": null,
            "id": "subnet-0f68870f46bb2ee95",
            "ipv6_cidr_block": "",
            "ipv6_cidr_block_association_id": "",
            "ipv6_native": false,
            "map_customer_owned_ip_on_launch": false,
            "map_public_ip_on_launch": false,
            "outpost_arn": "",
            "owner_id": "242794709741",
            "private_dns_hostname_type_on_launch": "ip-name",
            "state": "available",
            "tags": {
              "Environment": "plgrnd-j-a",
              "ManagedBy": "Terraform",
              "Name": "plgrnd-j-a-main-private-eu-central-1c",
              "Repo": "https://gitlab.thedock.cloud/platform/aws-infrastructure",
              "access-environment": "plgrnd-j-a"
            },
            "timeouts": null,
            "vpc_id": "vpc-095365bfaa0a0a10c"
          },
          "sensitive_attributes": []
        }
      ]
    },
    {
      "mode": "data",
      "type": "aws_subnet",
      "name": "rds_subnet_array",
      "provider": "provider[\"registry.terraform.io/hashicorp/aws\"]",
      "instances": [
        {
          "index_key": "subnet-023d2e9c4326fd9fc",
          "schema_version": 0,
          "attributes": {
            "arn": "arn:aws:ec2:eu-central-1:242794709741:subnet/subnet-023d2e9c4326fd9fc",
            "assign_ipv6_address_on_creation": false,
            "availability_zone": "eu-central-1b",
            "availability_zone_id": "euc1-az3",
            "available_ip_address_count": 251,
            "cidr_block": "10.69.31.0/24",
            "customer_owned_ipv4_pool": "",
            "default_for_az": false,
            "enable_dns64": false,
            "enable_lni_at_device_index": 0,
            "enable_resource_name_dns_a_record_on_launch": false,
            "enable_resource_name_dns_aaaa_record_on_launch": false,
            "filter": null,
            "id": "subnet-023d2e9c4326fd9fc",
            "ipv6_cidr_block": "",
            "ipv6_cidr_block_association_id": "",
            "ipv6_native": false,
            "map_customer_owned_ip_on_launch": false,
            "map_public_ip_on_launch": false,
            "outpost_arn": "",
            "owner_id": "242794709741",
            "private_dns_hostname_type_on_launch": "ip-name",
            "state": "available",
            "tags": {
              "Environment": "plgrnd-j-a",
              "ManagedBy": "Terraform",
              "Name": "plgrnd-j-a-main-db-eu-central-1b",
              "Repo": "https://gitlab.thedock.cloud/platform/aws-infrastructure",
              "access-environment": "plgrnd-j-a"
            },
            "timeouts": null,
            "vpc_id": "vpc-095365bfaa0a0a10c"
          },
          "sensitive_attributes": []
        },
        {
          "index_key": "subnet-0b1fbaacca6e472e5",
          "schema_version": 0,
          "attributes": {
            "arn": "arn:aws:ec2:eu-central-1:242794709741:subnet/subnet-0b1fbaacca6e472e5",
            "assign_ipv6_address_on_creation": false,
            "availability_zone": "eu-central-1a",
            "availability_zone_id": "euc1-az2",
            "available_ip_address_count": 250,
            "cidr_block": "10.69.30.0/24",
            "customer_owned_ipv4_pool": "",
            "default_for_az": false,
            "enable_dns64": false,
            "enable_lni_at_device_index": 0,
            "enable_resource_name_dns_a_record_on_launch": false,
            "enable_resource_name_dns_aaaa_record_on_launch": false,
            "filter": null,
            "id": "subnet-0b1fbaacca6e472e5",
            "ipv6_cidr_block": "",
            "ipv6_cidr_block_association_id": "",
            "ipv6_native": false,
            "map_customer_owned_ip_on_launch": false,
            "map_public_ip_on_launch": false,
            "outpost_arn": "",
            "owner_id": "242794709741",
            "private_dns_hostname_type_on_launch": "ip-name",
            "state": "available",
            "tags": {
              "Environment": "plgrnd-j-a",
              "ManagedBy": "Terraform",
              "Name": "plgrnd-j-a-main-db-eu-central-1a",
              "Repo": "https://gitlab.thedock.cloud/platform/aws-infrastructure",
              "access-environment": "plgrnd-j-a"
            },
            "timeouts": null,
            "vpc_id": "vpc-095365bfaa0a0a10c"
          },
          "sensitive_attributes": []
        },
        {
          "index_key": "subnet-0ec7b2e414433bc88",
          "schema_version": 0,
          "attributes": {
            "arn": "arn:aws:ec2:eu-central-1:242794709741:subnet/subnet-0ec7b2e414433bc88",
            "assign_ipv6_address_on_creation": false,
            "availability_zone": "eu-central-1c",
            "availability_zone_id": "euc1-az1",
            "available_ip_address_count": 249,
            "cidr_block": "10.69.32.0/24",
            "customer_owned_ipv4_pool": "",
            "default_for_az": false,
            "enable_dns64": false,
            "enable_lni_at_device_index": 0,
            "enable_resource_name_dns_a_record_on_launch": false,
            "enable_resource_name_dns_aaaa_record_on_launch": false,
            "filter": null,
            "id": "subnet-0ec7b2e414433bc88",
            "ipv6_cidr_block": "",
            "ipv6_cidr_block_association_id": "",
            "ipv6_native": false,
            "map_customer_owned_ip_on_launch": false,
            "map_public_ip_on_launch": false,
            "outpost_arn": "",
            "owner_id": "242794709741",
            "private_dns_hostname_type_on_launch": "ip-name",
            "state": "available",
            "tags": {
              "Environment": "plgrnd-j-a",
              "ManagedBy": "Terraform",
              "Name": "plgrnd-j-a-main-db-eu-central-1c",
              "Repo": "https://gitlab.thedock.cloud/platform/aws-infrastructure",
              "access-environment": "plgrnd-j-a"
            },
            "timeouts": null,
            "vpc_id": "vpc-095365bfaa0a0a10c"
          },
          "sensitive_attributes": []
        }
      ]
    },
    {
      "mode": "data",
      "type": "aws_subnets",
      "name": "private_subnets",
      "provider": "provider[\"registry.terraform.io/hashicorp/aws\"]",
      "instances": [
        {
          "schema_version": 0,
          "attributes": {
            "filter": [
              {
                "name": "tag:Name",
                "values": [
                  "*main-private*"
                ]
              }
            ],
            "id": "eu-central-1",
            "ids": [
              "subnet-0f68870f46bb2ee95",
              "subnet-053e41f7aa5938bcb",
              "subnet-06c4d977334290824"
            ],
            "tags": null,
            "timeouts": null
          },
          "sensitive_attributes": []
        }
      ]
    },
    {
      "mode": "data",
      "type": "aws_subnets",
      "name": "rds_subnets",
      "provider": "provider[\"registry.terraform.io/hashicorp/aws\"]",
      "instances": [
        {
          "schema_version": 0,
          "attributes": {
            "filter": [
              {
                "name": "tag:Name",
                "values": [
                  "plgrnd-j-a-main-db*"
                ]
              }
            ],
            "id": "eu-central-1",
            "ids": [
              "subnet-0b1fbaacca6e472e5",
              "subnet-023d2e9c4326fd9fc",
              "subnet-0ec7b2e414433bc88"
            ],
            "tags": null,
            "timeouts": null
          },
          "sensitive_attributes": []
        }
      ]
    },
    {
      "mode": "data",
      "type": "aws_vpc",
      "name": "main_vpc",
      "provider": "provider[\"registry.terraform.io/hashicorp/aws\"]",
      "instances": [
        {
          "schema_version": 0,
          "attributes": {
            "arn": "arn:aws:ec2:eu-central-1:242794709741:vpc/vpc-095365bfaa0a0a10c",
            "cidr_block": "10.69.0.0/16",
            "cidr_block_associations": [
              {
                "association_id": "vpc-cidr-assoc-02bc6182a8164da2a",
                "cidr_block": "10.69.0.0/16",
                "state": "associated"
              }
            ],
            "default": false,
            "dhcp_options_id": "dopt-0dbe21abf4680cfd1",
            "enable_dns_hostnames": true,
            "enable_dns_support": true,
            "enable_network_address_usage_metrics": false,
            "filter": [
              {
                "name": "tag:Name",
                "values": [
                  "plgrnd-j-a-main"
                ]
              }
            ],
            "id": "vpc-095365bfaa0a0a10c",
            "instance_tenancy": "default",
            "ipv6_association_id": "",
            "ipv6_cidr_block": "",
            "main_route_table_id": "rtb-053ff295bc3092467",
            "owner_id": "242794709741",
            "state": null,
            "tags": {
              "Environment": "plgrnd-j-a",
              "ManagedBy": "Terraform",
              "Name": "plgrnd-j-a-main",
              "Repo": "https://gitlab.thedock.cloud/platform/aws-infrastructure",
              "access-environment": "plgrnd-j-a"
            },
            "timeouts": null
          },
          "sensitive_attributes": []
        }
      ]
    },
    {
      "mode": "managed",
      "type": "aws_db_parameter_group",
      "name": "rds_pg14logical",
      "provider": "provider[\"registry.terraform.io/hashicorp/aws\"]",
      "instances": [
        {
          "schema_version": 0,
          "attributes": {
            "arn": "arn:aws:rds:eu-central-1:242794709741:pg:pgsql14logicalrds-destination",
            "description": "RDS parameter group for logical replication",
            "family": "postgres14",
            "id": "pgsql14logicalrds-destination",
            "name": "pgsql14logicalrds-destination",
            "name_prefix": null,
            "parameter": [
              {
                "apply_method": "pending-reboot",
                "name": "max_replication_slots",
                "value": "50"
              },
              {
                "apply_method": "pending-reboot",
                "name": "max_wal_senders",
                "value": "50"
              },
              {
                "apply_method": "pending-reboot",
                "name": "max_worker_processes",
                "value": "50"
              },
              {
                "apply_method": "pending-reboot",
                "name": "rds.logical_replication",
                "value": "1"
              },
              {
                "apply_method": "pending-reboot",
                "name": "shared_preload_libraries",
                "value": "pg_stat_statements,pglogical"
              }
            ],
            "tags": {},
            "tags_all": {}
          },
          "sensitive_attributes": [],
          "private": "bnVsbA==",
          "create_before_destroy": true
        }
      ]
    },
    {
      "mode": "managed",
      "type": "aws_instance",
      "name": "ec2_instance",
      "provider": "provider[\"registry.terraform.io/hashicorp/aws\"]",
      "instances": [
        {
          "schema_version": 1,
          "attributes": {
            "ami": "ami-025d24108be0a614c",
            "arn": "arn:aws:ec2:eu-central-1:242794709741:instance/i-06c4bc88ec0057d20",
            "associate_public_ip_address": false,
            "availability_zone": "eu-central-1c",
            "capacity_reservation_specification": [
              {
                "capacity_reservation_preference": "open",
                "capacity_reservation_target": []
              }
            ],
            "cpu_core_count": 1,
            "cpu_options": [
              {
                "amd_sev_snp": "",
                "core_count": 1,
                "threads_per_core": 2
              }
            ],
            "cpu_threads_per_core": 2,
            "credit_specification": [
              {
                "cpu_credits": "unlimited"
              }
            ],
            "disable_api_stop": false,
            "disable_api_termination": false,
            "ebs_block_device": [],
            "ebs_optimized": false,
            "enclave_options": [
              {
                "enabled": false
              }
            ],
            "ephemeral_block_device": [],
            "get_password_data": false,
            "hibernation": false,
            "host_id": "",
            "host_resource_group_arn": null,
            "iam_instance_profile": "",
            "id": "i-06c4bc88ec0057d20",
            "instance_initiated_shutdown_behavior": "stop",
            "instance_lifecycle": "",
            "instance_market_options": [],
            "instance_state": "running",
            "instance_type": "t3.micro",
            "ipv6_address_count": 0,
            "ipv6_addresses": [],
            "key_name": "deployer-key-destination",
            "launch_template": [],
            "maintenance_options": [
              {
                "auto_recovery": "default"
              }
            ],
            "metadata_options": [
              {
                "http_endpoint": "enabled",
                "http_put_response_hop_limit": 1,
                "http_tokens": "optional",
                "instance_metadata_tags": "disabled"
              }
            ],
            "monitoring": false,
            "network_interface": [],
            "outpost_arn": "",
            "password_data": "",
            "placement_group": "",
            "placement_partition_number": 0,
            "primary_network_interface_id": "eni-0789708c874bea77f",
            "private_dns": "ip-10-69-22-111.eu-central-1.compute.internal",
            "private_dns_name_options": [
              {
                "enable_resource_name_dns_a_record": false,
                "enable_resource_name_dns_aaaa_record": false,
                "hostname_type": "ip-name"
              }
            ],
            "private_ip": "10.69.22.111",
            "public_dns": "",
            "public_ip": "",
            "root_block_device": [
              {
                "delete_on_termination": true,
                "device_name": "/dev/sda1",
                "encrypted": true,
                "iops": 100,
                "kms_key_id": "arn:aws:kms:eu-central-1:242794709741:key/f8aa0569-99f3-41ae-bad3-69c959b844f7",
                "tags": {},
                "throughput": 0,
                "volume_id": "vol-0eec10f732bafe96c",
                "volume_size": 10,
                "volume_type": "gp2"
              }
            ],
            "secondary_private_ips": [],
            "security_groups": [],
            "source_dest_check": true,
            "spot_instance_request_id": "",
            "subnet_id": "subnet-0f68870f46bb2ee95",
            "tags": {
              "Environment": "pglogical",
              "Name": "ec2instance-dest",
              "Terraform": "true"
            },
            "tags_all": {
              "Environment": "pglogical",
              "Name": "ec2instance-dest",
              "Terraform": "true"
            },
            "tenancy": "default",
            "timeouts": null,
            "user_data": null,
            "user_data_base64": null,
            "user_data_replace_on_change": false,
            "volume_tags": null,
            "vpc_security_group_ids": [
              "sg-0e81e1283fd368739",
              "sg-0ff561ac98263bf74"
            ]
          },
          "sensitive_attributes": [],
          "private": "eyJlMmJmYjczMC1lY2FhLTExZTYtOGY4OC0zNDM2M2JjN2M0YzAiOnsiY3JlYXRlIjo2MDAwMDAwMDAwMDAsImRlbGV0ZSI6MTIwMDAwMDAwMDAwMCwidXBkYXRlIjo2MDAwMDAwMDAwMDB9LCJzY2hlbWFfdmVyc2lvbiI6IjEifQ==",
          "dependencies": [
            "aws_key_pair.deployer",
            "aws_security_group.pgsql_allow",
            "data.aws_security_group.default",
            "data.aws_security_group.selected_ag",
            "data.aws_subnets.private_subnets",
            "data.aws_vpc.main_vpc"
          ]
        }
      ]
    },
    {
      "mode": "managed",
      "type": "aws_key_pair",
      "name": "deployer",
      "provider": "provider[\"registry.terraform.io/hashicorp/aws\"]",
      "instances": [
        {
          "schema_version": 1,
          "attributes": {
            "arn": "arn:aws:ec2:eu-central-1:242794709741:key-pair/deployer-key-destination",
            "fingerprint": "9a:3e:ed:65:7f:4d:4d:15:12:f4:fb:9f:1b:db:1c:3f",
            "id": "deployer-key-destination",
            "key_name": "deployer-key-destination",
            "key_name_prefix": "",
            "key_pair_id": "key-0bd00f24c28c114ad",
            "key_type": "rsa",
            "public_key": "ssh-rsa AAAAB3NzaC1yc2EAAAADAQABAAABgQDK1fkb0aEeB3+UfALnb5mLsj9WEpMoxDR5xg717KbK3XpzYye9Z8CqTT1Btp6kVoJ5l+YE9l7v7ExoiEcp2uVYHn15WDVBYycUrw6yIg46hGbyUcveZ+AVHWdY+Zln3aUc/Bn6IFYG5UoMOGAnYJZhYntrhEjLVuc5pi5a9a8tir24fZt+ng8n3MxTUn8NPt9b34LukeNWOIgqsLQlButLFODWKrXbx4o6iQU7/9tWl3oVrU+bVb5L5KMlbP++rb4Vy0MKOGLKooLFwq9u9WeYH29Gq/8bICoRBvpPXzjKPCtuFB0c6TrPLOZLwMpfOkJieFww2fhs+f+i5q+wmtP1JCfAfKeH3bdewlxszN2m95OzA8VZlryfkedFTKcyxfqdAngz1Hf6mxIU32rsRmXVGqQssH81TBO7DUHMnyNTuZ0uKPSyH3+4EtWzZ2dp/1OuAOBdKdGsvBYZkbj73C5ohhZaVy9p3yDUCSFM8V8Mqg9zcwfcTC4S/xLLY+haHFk= andonoovj@JumpySkyBison",
            "tags": {},
            "tags_all": {}
          },
          "sensitive_attributes": [],
          "private": "eyJzY2hlbWFfdmVyc2lvbiI6IjEifQ=="
        }
      ]
    },
    {
      "mode": "managed",
      "type": "aws_security_group",
      "name": "pgsql_allow",
      "provider": "provider[\"registry.terraform.io/hashicorp/aws\"]",
      "instances": [
        {
          "schema_version": 1,
          "attributes": {
            "arn": "arn:aws:ec2:eu-central-1:242794709741:security-group/sg-0e81e1283fd368739",
            "description": "Allow PostgreSQL \u0026 SSH access",
            "egress": [
              {
                "cidr_blocks": [
                  "10.69.22.0/24",
                  "10.69.31.0/24",
                  "10.69.30.0/24",
                  "10.69.32.0/24"
                ],
                "description": "postgresql access",
                "from_port": 5432,
                "ipv6_cidr_blocks": [],
                "prefix_list_ids": [],
                "protocol": "tcp",
                "security_groups": [],
                "self": false,
                "to_port": 5432
              },
              {
                "cidr_blocks": [
                  "10.69.22.0/24",
                  "10.69.31.0/24",
                  "10.69.30.0/24",
                  "10.69.32.0/24"
                ],
                "description": "ssh access",
                "from_port": 22,
                "ipv6_cidr_blocks": [],
                "prefix_list_ids": [],
                "protocol": "tcp",
                "security_groups": [],
                "self": false,
                "to_port": 22
              }
            ],
            "id": "sg-0e81e1283fd368739",
            "ingress": [
              {
                "cidr_blocks": [
                  "10.69.22.0/24",
                  "10.69.31.0/24",
                  "10.69.30.0/24",
                  "10.69.32.0/24"
                ],
                "description": "postgresql access",
                "from_port": 5432,
                "ipv6_cidr_blocks": [],
                "prefix_list_ids": [],
                "protocol": "tcp",
                "security_groups": [],
                "self": false,
                "to_port": 5432
              },
              {
                "cidr_blocks": [
                  "10.69.22.0/24",
                  "10.69.31.0/24",
                  "10.69.30.0/24",
                  "10.69.32.0/24"
                ],
                "description": "ssh access",
                "from_port": 22,
                "ipv6_cidr_blocks": [],
                "prefix_list_ids": [],
                "protocol": "tcp",
                "security_groups": [],
                "self": false,
                "to_port": 22
              }
            ],
            "name": "allow_postgresql_ingress_destination",
            "name_prefix": "",
            "owner_id": "242794709741",
            "revoke_rules_on_delete": false,
            "tags": {
              "Name": "allow_ssh_postgresql_destination"
            },
            "tags_all": {
              "Name": "allow_ssh_postgresql_destination"
            },
            "timeouts": null,
            "vpc_id": "vpc-095365bfaa0a0a10c"
          },
          "sensitive_attributes": [],
          "private": "eyJlMmJmYjczMC1lY2FhLTExZTYtOGY4OC0zNDM2M2JjN2M0YzAiOnsiY3JlYXRlIjo2MDAwMDAwMDAwMDAsImRlbGV0ZSI6OTAwMDAwMDAwMDAwfSwic2NoZW1hX3ZlcnNpb24iOiIxIn0=",
          "dependencies": [
            "data.aws_vpc.main_vpc"
          ]
        }
      ]
    },
    {
      "mode": "managed",
      "type": "aws_security_group_rule",
      "name": "egress_rules",
      "provider": "provider[\"registry.terraform.io/hashicorp/aws\"]",
      "instances": [
        {
          "index_key": 0,
          "schema_version": 2,
          "attributes": {
            "cidr_blocks": [
              "10.69.22.0/24",
              "10.69.31.0/24",
              "10.69.30.0/24",
              "10.69.32.0/24"
            ],
            "description": "ssh access",
            "from_port": 22,
            "id": "sgrule-25007122",
            "ipv6_cidr_blocks": null,
            "prefix_list_ids": null,
            "protocol": "tcp",
            "security_group_id": "sg-0e81e1283fd368739",
            "security_group_rule_id": "",
            "self": false,
            "source_security_group_id": null,
            "timeouts": null,
            "to_port": 22,
            "type": "egress"
          },
          "sensitive_attributes": [],
          "private": "eyJlMmJmYjczMC1lY2FhLTExZTYtOGY4OC0zNDM2M2JjN2M0YzAiOnsiY3JlYXRlIjozMDAwMDAwMDAwMDB9LCJzY2hlbWFfdmVyc2lvbiI6IjIifQ==",
          "dependencies": [
            "aws_security_group.pgsql_allow",
            "data.aws_security_group.selected_ag",
            "data.aws_subnet.ec2_subnet",
            "data.aws_subnet.rds_subnet_array",
            "data.aws_subnets.private_subnets",
            "data.aws_subnets.rds_subnets",
            "data.aws_vpc.main_vpc"
          ]
        },
        {
          "index_key": 1,
          "schema_version": 2,
          "attributes": {
            "cidr_blocks": [
              "10.69.22.0/24",
              "10.69.31.0/24",
              "10.69.30.0/24",
              "10.69.32.0/24"
            ],
            "description": "postgresql access",
            "from_port": 5432,
            "id": "sgrule-2740262340",
            "ipv6_cidr_blocks": null,
            "prefix_list_ids": null,
            "protocol": "tcp",
            "security_group_id": "sg-0e81e1283fd368739",
            "security_group_rule_id": "",
            "self": false,
            "source_security_group_id": null,
            "timeouts": null,
            "to_port": 5432,
            "type": "egress"
          },
          "sensitive_attributes": [],
          "private": "eyJlMmJmYjczMC1lY2FhLTExZTYtOGY4OC0zNDM2M2JjN2M0YzAiOnsiY3JlYXRlIjozMDAwMDAwMDAwMDB9LCJzY2hlbWFfdmVyc2lvbiI6IjIifQ==",
          "dependencies": [
            "aws_security_group.pgsql_allow",
            "data.aws_security_group.selected_ag",
            "data.aws_subnet.ec2_subnet",
            "data.aws_subnet.rds_subnet_array",
            "data.aws_subnets.private_subnets",
            "data.aws_subnets.rds_subnets",
            "data.aws_vpc.main_vpc"
          ]
        }
      ]
    },
    {
      "mode": "managed",
      "type": "aws_security_group_rule",
      "name": "ingress_rules",
      "provider": "provider[\"registry.terraform.io/hashicorp/aws\"]",
      "instances": [
        {
          "index_key": 0,
          "schema_version": 2,
          "attributes": {
            "cidr_blocks": [
              "10.69.22.0/24",
              "10.69.31.0/24",
              "10.69.30.0/24",
              "10.69.32.0/24"
            ],
            "description": "ssh access",
            "from_port": 22,
            "id": "sgrule-342150226",
            "ipv6_cidr_blocks": null,
            "prefix_list_ids": null,
            "protocol": "tcp",
            "security_group_id": "sg-0e81e1283fd368739",
            "security_group_rule_id": "",
            "self": false,
            "source_security_group_id": null,
            "timeouts": null,
            "to_port": 22,
            "type": "ingress"
          },
          "sensitive_attributes": [],
          "private": "eyJlMmJmYjczMC1lY2FhLTExZTYtOGY4OC0zNDM2M2JjN2M0YzAiOnsiY3JlYXRlIjozMDAwMDAwMDAwMDB9LCJzY2hlbWFfdmVyc2lvbiI6IjIifQ==",
          "dependencies": [
            "aws_security_group.pgsql_allow",
            "data.aws_security_group.selected_ag",
            "data.aws_subnet.ec2_subnet",
            "data.aws_subnet.rds_subnet_array",
            "data.aws_subnets.private_subnets",
            "data.aws_subnets.rds_subnets",
            "data.aws_vpc.main_vpc"
          ]
        },
        {
          "index_key": 1,
          "schema_version": 2,
          "attributes": {
            "cidr_blocks": [
              "10.69.22.0/24",
              "10.69.31.0/24",
              "10.69.30.0/24",
              "10.69.32.0/24"
            ],
            "description": "postgresql access",
            "from_port": 5432,
            "id": "sgrule-2071368498",
            "ipv6_cidr_blocks": null,
            "prefix_list_ids": null,
            "protocol": "tcp",
            "security_group_id": "sg-0e81e1283fd368739",
            "security_group_rule_id": "",
            "self": false,
            "source_security_group_id": null,
            "timeouts": null,
            "to_port": 5432,
            "type": "ingress"
          },
          "sensitive_attributes": [],
          "private": "eyJlMmJmYjczMC1lY2FhLTExZTYtOGY4OC0zNDM2M2JjN2M0YzAiOnsiY3JlYXRlIjozMDAwMDAwMDAwMDB9LCJzY2hlbWFfdmVyc2lvbiI6IjIifQ==",
          "dependencies": [
            "aws_security_group.pgsql_allow",
            "data.aws_security_group.selected_ag",
            "data.aws_subnet.ec2_subnet",
            "data.aws_subnet.rds_subnet_array",
            "data.aws_subnets.private_subnets",
            "data.aws_subnets.rds_subnets",
            "data.aws_vpc.main_vpc"
          ]
        }
      ]
    },
    {
      "mode": "managed",
      "type": "local_file",
      "name": "executable_file",
      "provider": "provider[\"registry.terraform.io/hashicorp/local\"]",
      "instances": [
        {
          "schema_version": 0,
          "attributes": {
            "content": "/* Clean up \u0026 Setup */\r\ndrop database \"partner-ehotel\" with (FORCE);\r\ncreate database \"partner-ehotel\";\r\n\\c partner-ehotel\r\ncreate extension pglogical;\r\nselect pglogical.drop_node('subscriber', true);\r\n\r\n\r\n/* Create node */\r\nselect pglogical.create_node(node_name := 'subscriber', dsn := 'host=banking-int-dest.cb5ytt5zm3va.eu-central-1.rds.amazonaws.com port=5432 user=thedock dbname=partner-ehotel password=Password123!');\r\n\r\n/* BI Configuration */\r\nALTER TYPE uuid OWNER TO thedock;\r\nALTER TYPE int8 OWNER TO thedock;\r\nALTER TYPE timestamp OWNER TO thedock;\r\nALTER TYPE timestamptz OWNER TO thedock;\r\ncreate role \"partner-ehotel_write\";\r\ncreate role \"partner-ehotel_read\";\r\ncreate role \"partner-ehotel_app\";\r\nselect pglogical.create_subscription(subscription_name := 'ddl_sql', provider_dsn := 'host=banking-int.cluster-cb5ytt5zm3va.eu-central-1.rds.amazonaws.com port=5432 user=thedock dbname=partner-ehotel password=Password123!', replication_sets := array['ddl_sql'], synchronize_structure := true, synchronize_data := false);\r\n\r\nalter table a2a_transfers.a2a_transfer_instruments alter column idempotency_key drop not null;\r\nalter table a2a_transfers.a2a_transfer_instruments alter column trace_id drop not null;\r\nalter table a2a_transfers.a2a_transfer_payments alter column idempotency_key drop not null;\r\nalter table a2a_transfers.a2a_transfer_payments alter column trace_id drop not null;\r\nselect pglogical.create_subscription(subscription_name := 'a2a_transfers', provider_dsn := 'host=banking-int.cluster-cb5ytt5zm3va.eu-central-1.rds.amazonaws.com port=5432 user=thedock dbname=partner-ehotel password=Password123!', replication_sets := array['a2a_transfers'], synchronize_structure := false, synchronize_data := true);\r\n\r\nalter table account_service.account_holders alter column idempotency_key drop not null;\r\nalter table account_service.account_holders alter column trace_id drop not null;\r\nalter table account_service.accounts alter column idempotency_key drop not null;\r\nalter table account_service.accounts alter column trace_id drop not null;\r\nalter table account_service.transactions alter column idempotency_key drop not null;\r\nalter table account_service.transactions alter column trace_id drop not null;\r\nalter table account_service.accounts_status_history alter column idempotency_key drop not null;\r\nalter table account_service.accounts_status_history alter column trace_id drop not null; \r\nalter table account_service.technical_accounts_debit_hold_balance_history alter column idempotency_key drop not null; \r\nalter table account_service.technical_accounts_debit_hold_balance_history alter column trace_id drop not null; \r\n\r\nselect pglogical.create_subscription(subscription_name := 'account_service', provider_dsn := 'host=banking-int.cluster-cb5ytt5zm3va.eu-central-1.rds.amazonaws.com port=5432 user=thedock dbname=partner-ehotel password=Password123!', replication_sets := array['account_service'], synchronize_structure := false, synchronize_data := true);\r\n\r\nalter table bank_transfer_service.bank_transfer_holders alter column idempotency_key drop not null;\r\nalter table bank_transfer_service.bank_transfer_holders alter column trace_id drop not null;\r\nalter table bank_transfer_service.bank_transfer_instrument alter column idempotency_key drop not null;\r\nalter table bank_transfer_service.bank_transfer_instrument alter column trace_id drop not null;\r\nalter table bank_transfer_service.transactions alter column idempotency_key drop not null;\r\nalter table bank_transfer_service.transactions alter column trace_id drop not null;\r\nalter table bank_transfer_service.bank_transfer_holders_label_history alter column idempotency_key drop not null;\r\nalter table bank_transfer_service.bank_transfer_holders_label_history alter column label drop not null;\r\nalter table bank_transfer_service.bank_transfer_holders_label_history alter column trace_id drop not null;\r\nselect pglogical.create_subscription(subscription_name := 'bank_transfer_service', provider_dsn := 'host=banking-int.cluster-cb5ytt5zm3va.eu-central-1.rds.amazonaws.com port=5432 user=thedock dbname=partner-ehotel password=Password123!', replication_sets := array['bank_transfer_service'], synchronize_structure := false, synchronize_data := true);\r\n\r\nalter table card_service.authorizations alter column idempotency_key drop not null;\r\nalter table card_service.authorizations alter column trace_id drop not null;\r\nalter table card_service.cards alter column trace_id drop not null;\r\nalter table card_service.cards_marqeta alter column card_json drop not null;\r\nalter table card_service.cards_marqeta alter column trace_id drop not null;\r\nalter table card_service.cards_status_low_history alter column idempotency_key drop not null;\r\nalter table card_service.cards_status_low_history alter column trace_id drop not null;\r\nalter table card_service.clearings alter column idempotency_key drop not null;\r\nalter table card_service.clearings alter column trace_id drop not null;\r\nalter table card_service.velocity_controls alter column idempotency_key drop not null;\r\nalter table card_service.velocity_controls alter column trace_id drop not null;\r\nalter table card_service.cards_marqeta_status_history alter column trace_id drop not null;\r\nalter table card_service.velocity_controls_window_history alter column idempotency_key drop not null;\r\nalter table card_service.velocity_controls_window_history alter column trace_id drop not null;\r\nselect pglogical.create_subscription(subscription_name := 'card_service', provider_dsn := 'host=banking-int.cluster-cb5ytt5zm3va.eu-central-1.rds.amazonaws.com port=5432 user=thedock dbname=partner-ehotel password=Password123!', replication_sets := array['card_service'], synchronize_structure := false, synchronize_data := true);\r\n\r\nalter table tenant_service.tenants alter column idempotency_key drop not null;\r\nalter table tenant_service.tenants alter column trace_id drop not null;\r\nselect pglogical.create_subscription(subscription_name := 'tenant_service', provider_dsn := 'host=banking-int.cluster-cb5ytt5zm3va.eu-central-1.rds.amazonaws.com port=5432 user=thedock dbname=partner-ehotel password=Password123!', replication_sets := array['tenant_service'], synchronize_structure := false, synchronize_data := true);",
            "content_base64": null,
            "content_base64sha256": "KGuGkZ/z4uH/8f7lgbfuiGqMSUCoJ8/hKxsKQcSC4+M=",
            "content_base64sha512": "nB53kTEQrtUi20JHsYOTWU1Zcn9KpPbYfHleOXjgHM+ceKFgYUqenoWkcGW8F/xmvcar0a/p8CpGq0qjMQBhhA==",
            "content_md5": "5e6aa198583fd88aab14b8d49fa92ec6",
            "content_sha1": "f6a366c5373fd46156b75a8f98f15ba9bd47ba3f",
            "content_sha256": "286b86919ff3e2e1fff1fee581b7ee886a8c4940a827cfe12b1b0a41c482e3e3",
            "content_sha512": "9c1e77913110aed522db4247b18393594d59727f4aa4f6d87c795e3978e01ccf9c78a160614a9e9e85a47065bc17fc66bdc6abd1afe9f02a46ab4aa331006184",
            "directory_permission": "0777",
            "file_permission": "644",
            "filename": "destination.sql",
            "id": "f6a366c5373fd46156b75a8f98f15ba9bd47ba3f",
            "sensitive_content": null,
            "source": null
          },
          "sensitive_attributes": [],
          "dependencies": [
            "aws_db_parameter_group.rds_pg14logical",
            "data.aws_security_group.default",
            "data.aws_security_group.selected_ag",
            "module.db.module.db_instance.aws_cloudwatch_log_group.this",
            "module.db.module.db_instance.aws_db_instance.this",
            "module.db.module.db_instance.aws_iam_role.enhanced_monitoring",
            "module.db.module.db_instance.random_id.snapshot_identifier",
            "module.db.module.db_option_group.aws_db_option_group.this",
            "module.db.module.db_parameter_group.aws_db_parameter_group.this",
            "module.db.module.db_subnet_group.aws_db_subnet_group.this"
          ]
        }
      ]
    },
    {
      "mode": "managed",
      "type": "null_resource",
      "name": "database_configuration",
      "provider": "provider[\"registry.terraform.io/hashicorp/null\"]",
      "instances": [
        {
          "schema_version": 0,
          "attributes": {
            "id": "2129793934565875278",
            "triggers": {
              "always_run": "2023-10-27T11:27:47Z"
            }
          },
          "sensitive_attributes": [],
          "dependencies": [
            "aws_db_parameter_group.rds_pg14logical",
            "aws_instance.ec2_instance",
            "data.aws_security_group.default",
            "data.aws_security_group.selected_ag",
            "module.db.module.db_instance.aws_cloudwatch_log_group.this",
            "module.db.module.db_instance.aws_db_instance.this",
            "module.db.module.db_instance.aws_iam_role.enhanced_monitoring",
            "module.db.module.db_instance.aws_iam_role_policy_attachment.enhanced_monitoring",
            "module.db.module.db_instance.data.aws_iam_policy_document.enhanced_monitoring",
            "module.db.module.db_instance.data.aws_partition.current",
            "module.db.module.db_instance.random_id.snapshot_identifier",
            "module.db.module.db_option_group.aws_db_option_group.this",
            "module.db.module.db_parameter_group.aws_db_parameter_group.this",
            "module.db.module.db_subnet_group.aws_db_subnet_group.this"
          ]
        }
      ]
    },
    {
      "module": "module.db.module.db_instance",
      "mode": "data",
      "type": "aws_iam_policy_document",
      "name": "enhanced_monitoring",
      "provider": "provider[\"registry.terraform.io/hashicorp/aws\"]",
      "instances": [
        {
          "schema_version": 0,
          "attributes": {
            "id": "76086537",
            "json": "{\n  \"Version\": \"2012-10-17\",\n  \"Statement\": [\n    {\n      \"Effect\": \"Allow\",\n      \"Action\": \"sts:AssumeRole\",\n      \"Principal\": {\n        \"Service\": \"monitoring.rds.amazonaws.com\"\n      }\n    }\n  ]\n}",
            "override_policy_documents": null,
            "policy_id": null,
            "source_policy_documents": null,
            "statement": [
              {
                "actions": [
                  "sts:AssumeRole"
                ],
                "condition": [],
                "effect": "Allow",
                "not_actions": [],
                "not_principals": [],
                "not_resources": [],
                "principals": [
                  {
                    "identifiers": [
                      "monitoring.rds.amazonaws.com"
                    ],
                    "type": "Service"
                  }
                ],
                "resources": [],
                "sid": ""
              }
            ],
            "version": "2012-10-17"
          },
          "sensitive_attributes": []
        }
      ]
    },
    {
      "module": "module.db.module.db_instance",
      "mode": "data",
      "type": "aws_partition",
      "name": "current",
      "provider": "provider[\"registry.terraform.io/hashicorp/aws\"]",
      "instances": [
        {
          "schema_version": 0,
          "attributes": {
            "dns_suffix": "amazonaws.com",
            "id": "aws",
            "partition": "aws",
            "reverse_dns_prefix": "com.amazonaws"
          },
          "sensitive_attributes": []
        }
      ]
    },
    {
      "module": "module.db.module.db_instance",
      "mode": "managed",
      "type": "aws_db_instance",
      "name": "this",
      "provider": "provider[\"registry.terraform.io/hashicorp/aws\"]",
      "instances": [
        {
          "index_key": 0,
          "schema_version": 2,
          "attributes": {
            "address": "banking-int-dest.cb5ytt5zm3va.eu-central-1.rds.amazonaws.com",
            "allocated_storage": 5,
            "allow_major_version_upgrade": false,
            "apply_immediately": false,
            "arn": "arn:aws:rds:eu-central-1:242794709741:db:banking-int-dest",
            "auto_minor_version_upgrade": true,
            "availability_zone": "eu-central-1c",
            "backup_retention_period": 0,
            "backup_target": "region",
            "backup_window": "02:33-03:03",
            "blue_green_update": [],
            "ca_cert_identifier": "rds-ca-2019",
            "character_set_name": "",
            "copy_tags_to_snapshot": false,
            "custom_iam_instance_profile": "",
            "customer_owned_ip_enabled": false,
            "db_name": "",
            "db_subnet_group_name": "plgrnd-j-a-db-main",
            "delete_automated_backups": true,
            "deletion_protection": false,
            "domain": "",
            "domain_iam_role_name": "",
            "enabled_cloudwatch_logs_exports": [],
            "endpoint": "banking-int-dest.cb5ytt5zm3va.eu-central-1.rds.amazonaws.com:5432",
            "engine": "postgres",
            "engine_version": "14.5",
            "engine_version_actual": "14.5",
            "final_snapshot_identifier": "final-banking-int-dest-b0effae4",
            "hosted_zone_id": "Z1RLNUO7B9Q6NB",
            "iam_database_authentication_enabled": false,
            "id": "db-7XZFDTPCEBM4UVITUV4E5NVE4A",
            "identifier": "banking-int-dest",
            "identifier_prefix": "",
            "instance_class": "db.t4g.medium",
            "iops": 0,
            "kms_key_id": "arn:aws:kms:eu-central-1:242794709741:key/22de5735-7b05-4a3d-9ead-3c81cb3bb61f",
            "latest_restorable_time": "",
            "license_model": "postgresql-license",
            "listener_endpoint": [],
            "maintenance_window": "sat:23:22-sat:23:52",
            "manage_master_user_password": null,
            "master_user_secret": [],
            "master_user_secret_kms_key_id": null,
            "max_allocated_storage": 0,
            "monitoring_interval": 0,
            "monitoring_role_arn": "",
            "multi_az": false,
            "nchar_character_set_name": "",
            "network_type": "IPV4",
            "option_group_name": "default:postgres-14",
            "parameter_group_name": "pgsql14logicalrds-destination",
            "password": "Password123!",
            "performance_insights_enabled": false,
            "performance_insights_kms_key_id": "",
            "performance_insights_retention_period": 0,
            "port": 5432,
            "publicly_accessible": false,
            "replica_mode": "",
            "replicas": [],
            "replicate_source_db": "",
            "resource_id": "db-7XZFDTPCEBM4UVITUV4E5NVE4A",
            "restore_to_point_in_time": [],
            "s3_import": [],
            "skip_final_snapshot": false,
            "snapshot_identifier": null,
            "status": "available",
            "storage_encrypted": true,
            "storage_throughput": 0,
            "storage_type": "gp2",
            "tags": {
              "Environment": "banking-dest",
              "Terraform": "true"
            },
            "tags_all": {
              "Environment": "banking-dest",
              "Terraform": "true"
            },
            "timeouts": {
              "create": null,
              "delete": null,
              "update": null
            },
            "timezone": "",
            "username": "thedock",
            "vpc_security_group_ids": [
              "sg-0e81e1283fd368739",
              "sg-0ff561ac98263bf74"
            ]
          },
          "sensitive_attributes": [
            [
              {
                "type": "get_attr",
                "value": "password"
              }
            ]
          ],
          "private": "eyJlMmJmYjczMC1lY2FhLTExZTYtOGY4OC0zNDM2M2JjN2M0YzAiOnsiY3JlYXRlIjoyNDAwMDAwMDAwMDAwLCJkZWxldGUiOjM2MDAwMDAwMDAwMDAsInVwZGF0ZSI6NDgwMDAwMDAwMDAwMH0sInNjaGVtYV92ZXJzaW9uIjoiMiJ9",
          "dependencies": [
            "aws_db_parameter_group.rds_pg14logical",
            "data.aws_security_group.default",
            "data.aws_security_group.selected_ag",
            "module.db.module.db_instance.aws_cloudwatch_log_group.this",
            "module.db.module.db_instance.aws_iam_role.enhanced_monitoring",
            "module.db.module.db_instance.random_id.snapshot_identifier",
            "module.db.module.db_option_group.aws_db_option_group.this",
            "module.db.module.db_parameter_group.aws_db_parameter_group.this",
            "module.db.module.db_subnet_group.aws_db_subnet_group.this"
          ]
        }
      ]
    },
    {
      "module": "module.db.module.db_instance",
      "mode": "managed",
      "type": "random_id",
      "name": "snapshot_identifier",
      "provider": "provider[\"registry.terraform.io/hashicorp/random\"]",
      "instances": [
        {
          "index_key": 0,
          "schema_version": 0,
          "attributes": {
            "b64_std": "sO/65A==",
            "b64_url": "sO_65A",
            "byte_length": 4,
            "dec": "2968517348",
            "hex": "b0effae4",
            "id": "sO_65A",
            "keepers": {
              "id": "banking-int-dest"
            },
            "prefix": null
          },
          "sensitive_attributes": []
        }
      ]
    }
  ],
  "check_results": null
}
