{
  "version": 4,
  "terraform_version": "1.4.6",
  "serial": 557,
  "lineage": "5a1a466a-c179-b94d-a863-a86eb8da80d0",
  "outputs": {},
  "resources": [
    {
      "mode": "data",
      "type": "aws_db_cluster_snapshot",
      "name": "thedock_snapshot",
      "provider": "provider[\"registry.terraform.io/hashicorp/aws\"]",
      "instances": [
        {
          "schema_version": 0,
          "attributes": {
            "allocated_storage": 58,
            "availability_zones": [
              "eu-central-1a",
              "eu-central-1b",
              "eu-central-1c"
            ],
            "db_cluster_identifier": "the-dock",
            "db_cluster_snapshot_arn": "arn:aws:rds:eu-central-1:242794709741:cluster-snapshot:banking-int",
            "db_cluster_snapshot_identifier": "banking-int",
            "engine": "aurora-postgresql",
            "engine_version": "14.8",
            "id": "banking-int",
            "include_public": false,
            "include_shared": true,
            "kms_key_id": "arn:aws:kms:eu-central-1:869248983546:key/4dd75d74-1dd5-4282-8eac-f6de344e95c1",
            "license_model": "postgresql-license",
            "most_recent": true,
            "port": 0,
            "snapshot_create_time": "2023-09-22T16:39:48Z",
            "snapshot_type": "manual",
            "source_db_cluster_snapshot_arn": "arn:aws:rds:eu-central-1:869248983546:cluster-snapshot:banking-int",
            "status": "available",
            "storage_encrypted": true,
            "tags": {},
            "vpc_id": ""
          },
          "sensitive_attributes": []
        }
      ]
    },
    {
      "mode": "data",
      "type": "aws_security_group",
      "name": "default",
      "provider": "provider[\"registry.terraform.io/hashicorp/aws\"]",
      "instances": [
        {
          "schema_version": 0,
          "attributes": {
            "arn": "arn:aws:ec2:eu-central-1:242794709741:security-group/sg-0ff561ac98263bf74",
            "description": "default VPC security group",
            "filter": null,
            "id": "sg-0ff561ac98263bf74",
            "name": "default",
            "tags": {},
            "timeouts": null,
            "vpc_id": "vpc-095365bfaa0a0a10c"
          },
          "sensitive_attributes": []
        }
      ]
    },
    {
      "mode": "data",
      "type": "aws_security_group",
      "name": "selected_sg",
      "provider": "provider[\"registry.terraform.io/hashicorp/aws\"]",
      "instances": [
        {
          "schema_version": 0,
          "attributes": {
            "arn": "arn:aws:ec2:eu-central-1:242794709741:security-group/sg-0f180d08deee366a0",
            "description": "Allow PostgreSQL \u0026 SSH access",
            "filter": [
              {
                "name": "tag:Name",
                "values": [
                  "allow_ssh_postgresql"
                ]
              }
            ],
            "id": "sg-0f180d08deee366a0",
            "name": "allow_postgresql_ingress",
            "tags": {
              "Name": "allow_ssh_postgresql"
            },
            "timeouts": null,
            "vpc_id": "vpc-095365bfaa0a0a10c"
          },
          "sensitive_attributes": []
        }
      ]
    },
    {
      "mode": "data",
      "type": "aws_subnet",
      "name": "ec2_subnet",
      "provider": "provider[\"registry.terraform.io/hashicorp/aws\"]",
      "instances": [
        {
          "schema_version": 0,
          "attributes": {
            "arn": "arn:aws:ec2:eu-central-1:242794709741:subnet/subnet-0f68870f46bb2ee95",
            "assign_ipv6_address_on_creation": false,
            "availability_zone": "eu-central-1c",
            "availability_zone_id": "euc1-az1",
            "available_ip_address_count": 251,
            "cidr_block": "10.69.22.0/24",
            "customer_owned_ipv4_pool": "",
            "default_for_az": false,
            "enable_dns64": false,
            "enable_lni_at_device_index": 0,
            "enable_resource_name_dns_a_record_on_launch": false,
            "enable_resource_name_dns_aaaa_record_on_launch": false,
            "filter": null,
            "id": "subnet-0f68870f46bb2ee95",
            "ipv6_cidr_block": "",
            "ipv6_cidr_block_association_id": "",
            "ipv6_native": false,
            "map_customer_owned_ip_on_launch": false,
            "map_public_ip_on_launch": false,
            "outpost_arn": "",
            "owner_id": "242794709741",
            "private_dns_hostname_type_on_launch": "ip-name",
            "state": "available",
            "tags": {
              "Environment": "plgrnd-j-a",
              "ManagedBy": "Terraform",
              "Name": "plgrnd-j-a-main-private-eu-central-1c",
              "Repo": "https://gitlab.thedock.cloud/platform/aws-infrastructure",
              "access-environment": "plgrnd-j-a"
            },
            "timeouts": null,
            "vpc_id": "vpc-095365bfaa0a0a10c"
          },
          "sensitive_attributes": []
        }
      ]
    },
    {
      "mode": "data",
      "type": "aws_subnet",
      "name": "rds_subnet_array",
      "provider": "provider[\"registry.terraform.io/hashicorp/aws\"]",
      "instances": [
        {
          "index_key": "subnet-023d2e9c4326fd9fc",
          "schema_version": 0,
          "attributes": {
            "arn": "arn:aws:ec2:eu-central-1:242794709741:subnet/subnet-023d2e9c4326fd9fc",
            "assign_ipv6_address_on_creation": false,
            "availability_zone": "eu-central-1b",
            "availability_zone_id": "euc1-az3",
            "available_ip_address_count": 251,
            "cidr_block": "10.69.31.0/24",
            "customer_owned_ipv4_pool": "",
            "default_for_az": false,
            "enable_dns64": false,
            "enable_lni_at_device_index": 0,
            "enable_resource_name_dns_a_record_on_launch": false,
            "enable_resource_name_dns_aaaa_record_on_launch": false,
            "filter": null,
            "id": "subnet-023d2e9c4326fd9fc",
            "ipv6_cidr_block": "",
            "ipv6_cidr_block_association_id": "",
            "ipv6_native": false,
            "map_customer_owned_ip_on_launch": false,
            "map_public_ip_on_launch": false,
            "outpost_arn": "",
            "owner_id": "242794709741",
            "private_dns_hostname_type_on_launch": "ip-name",
            "state": "available",
            "tags": {
              "Environment": "plgrnd-j-a",
              "ManagedBy": "Terraform",
              "Name": "plgrnd-j-a-main-db-eu-central-1b",
              "Repo": "https://gitlab.thedock.cloud/platform/aws-infrastructure",
              "access-environment": "plgrnd-j-a"
            },
            "timeouts": null,
            "vpc_id": "vpc-095365bfaa0a0a10c"
          },
          "sensitive_attributes": []
        },
        {
          "index_key": "subnet-0b1fbaacca6e472e5",
          "schema_version": 0,
          "attributes": {
            "arn": "arn:aws:ec2:eu-central-1:242794709741:subnet/subnet-0b1fbaacca6e472e5",
            "assign_ipv6_address_on_creation": false,
            "availability_zone": "eu-central-1a",
            "availability_zone_id": "euc1-az2",
            "available_ip_address_count": 251,
            "cidr_block": "10.69.30.0/24",
            "customer_owned_ipv4_pool": "",
            "default_for_az": false,
            "enable_dns64": false,
            "enable_lni_at_device_index": 0,
            "enable_resource_name_dns_a_record_on_launch": false,
            "enable_resource_name_dns_aaaa_record_on_launch": false,
            "filter": null,
            "id": "subnet-0b1fbaacca6e472e5",
            "ipv6_cidr_block": "",
            "ipv6_cidr_block_association_id": "",
            "ipv6_native": false,
            "map_customer_owned_ip_on_launch": false,
            "map_public_ip_on_launch": false,
            "outpost_arn": "",
            "owner_id": "242794709741",
            "private_dns_hostname_type_on_launch": "ip-name",
            "state": "available",
            "tags": {
              "Environment": "plgrnd-j-a",
              "ManagedBy": "Terraform",
              "Name": "plgrnd-j-a-main-db-eu-central-1a",
              "Repo": "https://gitlab.thedock.cloud/platform/aws-infrastructure",
              "access-environment": "plgrnd-j-a"
            },
            "timeouts": null,
            "vpc_id": "vpc-095365bfaa0a0a10c"
          },
          "sensitive_attributes": []
        },
        {
          "index_key": "subnet-0ec7b2e414433bc88",
          "schema_version": 0,
          "attributes": {
            "arn": "arn:aws:ec2:eu-central-1:242794709741:subnet/subnet-0ec7b2e414433bc88",
            "assign_ipv6_address_on_creation": false,
            "availability_zone": "eu-central-1c",
            "availability_zone_id": "euc1-az1",
            "available_ip_address_count": 251,
            "cidr_block": "10.69.32.0/24",
            "customer_owned_ipv4_pool": "",
            "default_for_az": false,
            "enable_dns64": false,
            "enable_lni_at_device_index": 0,
            "enable_resource_name_dns_a_record_on_launch": false,
            "enable_resource_name_dns_aaaa_record_on_launch": false,
            "filter": null,
            "id": "subnet-0ec7b2e414433bc88",
            "ipv6_cidr_block": "",
            "ipv6_cidr_block_association_id": "",
            "ipv6_native": false,
            "map_customer_owned_ip_on_launch": false,
            "map_public_ip_on_launch": false,
            "outpost_arn": "",
            "owner_id": "242794709741",
            "private_dns_hostname_type_on_launch": "ip-name",
            "state": "available",
            "tags": {
              "Environment": "plgrnd-j-a",
              "ManagedBy": "Terraform",
              "Name": "plgrnd-j-a-main-db-eu-central-1c",
              "Repo": "https://gitlab.thedock.cloud/platform/aws-infrastructure",
              "access-environment": "plgrnd-j-a"
            },
            "timeouts": null,
            "vpc_id": "vpc-095365bfaa0a0a10c"
          },
          "sensitive_attributes": []
        }
      ]
    },
    {
      "mode": "data",
      "type": "aws_subnets",
      "name": "private_subnets",
      "provider": "provider[\"registry.terraform.io/hashicorp/aws\"]",
      "instances": [
        {
          "schema_version": 0,
          "attributes": {
            "filter": [
              {
                "name": "tag:Name",
                "values": [
                  "*main-private*"
                ]
              }
            ],
            "id": "eu-central-1",
            "ids": [
              "subnet-0f68870f46bb2ee95",
              "subnet-053e41f7aa5938bcb",
              "subnet-06c4d977334290824"
            ],
            "tags": null,
            "timeouts": null
          },
          "sensitive_attributes": []
        }
      ]
    },
    {
      "mode": "data",
      "type": "aws_subnets",
      "name": "rds_subnets",
      "provider": "provider[\"registry.terraform.io/hashicorp/aws\"]",
      "instances": [
        {
          "schema_version": 0,
          "attributes": {
            "filter": [
              {
                "name": "tag:Name",
                "values": [
                  "plgrnd-j-a-main-db*"
                ]
              }
            ],
            "id": "eu-central-1",
            "ids": [
              "subnet-0b1fbaacca6e472e5",
              "subnet-023d2e9c4326fd9fc",
              "subnet-0ec7b2e414433bc88"
            ],
            "tags": null,
            "timeouts": null
          },
          "sensitive_attributes": []
        }
      ]
    },
    {
      "mode": "data",
      "type": "aws_vpc",
      "name": "main_vpc",
      "provider": "provider[\"registry.terraform.io/hashicorp/aws\"]",
      "instances": [
        {
          "schema_version": 0,
          "attributes": {
            "arn": "arn:aws:ec2:eu-central-1:242794709741:vpc/vpc-095365bfaa0a0a10c",
            "cidr_block": "10.69.0.0/16",
            "cidr_block_associations": [
              {
                "association_id": "vpc-cidr-assoc-02bc6182a8164da2a",
                "cidr_block": "10.69.0.0/16",
                "state": "associated"
              }
            ],
            "default": false,
            "dhcp_options_id": "dopt-0dbe21abf4680cfd1",
            "enable_dns_hostnames": true,
            "enable_dns_support": true,
            "enable_network_address_usage_metrics": false,
            "filter": [
              {
                "name": "tag:Name",
                "values": [
                  "plgrnd-j-a-main"
                ]
              }
            ],
            "id": "vpc-095365bfaa0a0a10c",
            "instance_tenancy": "default",
            "ipv6_association_id": "",
            "ipv6_cidr_block": "",
            "main_route_table_id": "rtb-053ff295bc3092467",
            "owner_id": "242794709741",
            "state": null,
            "tags": {
              "Environment": "plgrnd-j-a",
              "ManagedBy": "Terraform",
              "Name": "plgrnd-j-a-main",
              "Repo": "https://gitlab.thedock.cloud/platform/aws-infrastructure",
              "access-environment": "plgrnd-j-a"
            },
            "timeouts": null
          },
          "sensitive_attributes": []
        }
      ]
    },
    {
      "mode": "managed",
      "type": "aws_instance",
      "name": "ec2_instance",
      "provider": "provider[\"registry.terraform.io/hashicorp/aws\"]",
      "instances": [
        {
          "schema_version": 1,
          "attributes": {
            "ami": "ami-025d24108be0a614c",
            "arn": "arn:aws:ec2:eu-central-1:242794709741:instance/i-0c52bc27a726e0ed2",
            "associate_public_ip_address": false,
            "availability_zone": "eu-central-1c",
            "capacity_reservation_specification": [
              {
                "capacity_reservation_preference": "open",
                "capacity_reservation_target": []
              }
            ],
            "cpu_core_count": 1,
            "cpu_options": [
              {
                "amd_sev_snp": "",
                "core_count": 1,
                "threads_per_core": 2
              }
            ],
            "cpu_threads_per_core": 2,
            "credit_specification": [
              {
                "cpu_credits": "unlimited"
              }
            ],
            "disable_api_stop": false,
            "disable_api_termination": false,
            "ebs_block_device": [],
            "ebs_optimized": false,
            "enclave_options": [
              {
                "enabled": false
              }
            ],
            "ephemeral_block_device": [],
            "get_password_data": false,
            "hibernation": false,
            "host_id": "",
            "host_resource_group_arn": null,
            "iam_instance_profile": "",
            "id": "i-0c52bc27a726e0ed2",
            "instance_initiated_shutdown_behavior": "stop",
            "instance_lifecycle": "",
            "instance_market_options": [],
            "instance_state": "running",
            "instance_type": "t3.micro",
            "ipv6_address_count": 0,
            "ipv6_addresses": [],
            "key_name": "deployer-key",
            "launch_template": [],
            "maintenance_options": [
              {
                "auto_recovery": "default"
              }
            ],
            "metadata_options": [
              {
                "http_endpoint": "enabled",
                "http_put_response_hop_limit": 1,
                "http_tokens": "optional",
                "instance_metadata_tags": "disabled"
              }
            ],
            "monitoring": false,
            "network_interface": [],
            "outpost_arn": "",
            "password_data": "",
            "placement_group": "",
            "placement_partition_number": 0,
            "primary_network_interface_id": "eni-033ce86ef7e0bd3a4",
            "private_dns": "ip-10-69-22-21.eu-central-1.compute.internal",
            "private_dns_name_options": [
              {
                "enable_resource_name_dns_a_record": false,
                "enable_resource_name_dns_aaaa_record": false,
                "hostname_type": "ip-name"
              }
            ],
            "private_ip": "10.69.22.21",
            "public_dns": "",
            "public_ip": "",
            "root_block_device": [
              {
                "delete_on_termination": true,
                "device_name": "/dev/sda1",
                "encrypted": true,
                "iops": 100,
                "kms_key_id": "arn:aws:kms:eu-central-1:242794709741:key/f8aa0569-99f3-41ae-bad3-69c959b844f7",
                "tags": {},
                "throughput": 0,
                "volume_id": "vol-003fc68a38bb4230d",
                "volume_size": 10,
                "volume_type": "gp2"
              }
            ],
            "secondary_private_ips": [],
            "security_groups": [],
            "source_dest_check": true,
            "spot_instance_request_id": "",
            "subnet_id": "subnet-0f68870f46bb2ee95",
            "tags": {
              "Environment": "Backup",
              "Name": "psqlclient",
              "Terraform": "true"
            },
            "tags_all": {
              "Environment": "Backup",
              "Name": "psqlclient",
              "Terraform": "true"
            },
            "tenancy": "default",
            "timeouts": null,
            "user_data": null,
            "user_data_base64": null,
            "user_data_replace_on_change": false,
            "volume_tags": null,
            "vpc_security_group_ids": [
              "sg-0f180d08deee366a0",
              "sg-0ff561ac98263bf74"
            ]
          },
          "sensitive_attributes": [],
          "private": "eyJlMmJmYjczMC1lY2FhLTExZTYtOGY4OC0zNDM2M2JjN2M0YzAiOnsiY3JlYXRlIjo2MDAwMDAwMDAwMDAsImRlbGV0ZSI6MTIwMDAwMDAwMDAwMCwidXBkYXRlIjo2MDAwMDAwMDAwMDB9LCJzY2hlbWFfdmVyc2lvbiI6IjEifQ==",
          "dependencies": [
            "aws_key_pair.deployer",
            "aws_security_group.pgsql_allow",
            "data.aws_security_group.default",
            "data.aws_security_group.selected_sg",
            "data.aws_subnets.private_subnets",
            "data.aws_vpc.main_vpc"
          ]
        }
      ]
    },
    {
      "mode": "managed",
      "type": "aws_key_pair",
      "name": "deployer",
      "provider": "provider[\"registry.terraform.io/hashicorp/aws\"]",
      "instances": [
        {
          "schema_version": 1,
          "attributes": {
            "arn": "arn:aws:ec2:eu-central-1:242794709741:key-pair/deployer-key",
            "fingerprint": "9a:3e:ed:65:7f:4d:4d:15:12:f4:fb:9f:1b:db:1c:3f",
            "id": "deployer-key",
            "key_name": "deployer-key",
            "key_name_prefix": "",
            "key_pair_id": "key-08abea77a0ab04267",
            "key_type": "rsa",
            "public_key": "ssh-rsa AAAAB3NzaC1yc2EAAAADAQABAAABgQDK1fkb0aEeB3+UfALnb5mLsj9WEpMoxDR5xg717KbK3XpzYye9Z8CqTT1Btp6kVoJ5l+YE9l7v7ExoiEcp2uVYHn15WDVBYycUrw6yIg46hGbyUcveZ+AVHWdY+Zln3aUc/Bn6IFYG5UoMOGAnYJZhYntrhEjLVuc5pi5a9a8tir24fZt+ng8n3MxTUn8NPt9b34LukeNWOIgqsLQlButLFODWKrXbx4o6iQU7/9tWl3oVrU+bVb5L5KMlbP++rb4Vy0MKOGLKooLFwq9u9WeYH29Gq/8bICoRBvpPXzjKPCtuFB0c6TrPLOZLwMpfOkJieFww2fhs+f+i5q+wmtP1JCfAfKeH3bdewlxszN2m95OzA8VZlryfkedFTKcyxfqdAngz1Hf6mxIU32rsRmXVGqQssH81TBO7DUHMnyNTuZ0uKPSyH3+4EtWzZ2dp/1OuAOBdKdGsvBYZkbj73C5ohhZaVy9p3yDUCSFM8V8Mqg9zcwfcTC4S/xLLY+haHFk= andonoovj@JumpySkyBison",
            "tags": null,
            "tags_all": {}
          },
          "sensitive_attributes": [],
          "private": "eyJzY2hlbWFfdmVyc2lvbiI6IjEifQ=="
        }
      ]
    },
    {
      "mode": "managed",
      "type": "aws_rds_cluster_parameter_group",
      "name": "pg14logical",
      "provider": "provider[\"registry.terraform.io/hashicorp/aws\"]",
      "instances": [
        {
          "schema_version": 0,
          "attributes": {
            "arn": "arn:aws:rds:eu-central-1:242794709741:cluster-pg:aurorapgsql14logicalcluster",
            "description": "RDS cluster parameter group for logical replication",
            "family": "aurora-postgresql14",
            "id": "aurorapgsql14logicalcluster",
            "name": "aurorapgsql14logicalcluster",
            "name_prefix": "",
            "parameter": [
              {
                "apply_method": "pending-reboot",
                "name": "max_replication_slots",
                "value": "10"
              },
              {
                "apply_method": "pending-reboot",
                "name": "max_wal_senders",
                "value": "15"
              },
              {
                "apply_method": "pending-reboot",
                "name": "max_worker_processes",
                "value": "10"
              },
              {
                "apply_method": "pending-reboot",
                "name": "rds.logical_replication",
                "value": "1"
              },
              {
                "apply_method": "pending-reboot",
                "name": "shared_preload_libraries",
                "value": "pg_stat_statements,pglogical"
              }
            ],
            "tags": null,
            "tags_all": {}
          },
          "sensitive_attributes": [],
          "private": "bnVsbA=="
        }
      ]
    },
    {
      "mode": "managed",
      "type": "aws_security_group",
      "name": "pgsql_allow",
      "provider": "provider[\"registry.terraform.io/hashicorp/aws\"]",
      "instances": [
        {
          "schema_version": 1,
          "attributes": {
            "arn": "arn:aws:ec2:eu-central-1:242794709741:security-group/sg-0f180d08deee366a0",
            "description": "Allow PostgreSQL \u0026 SSH access",
            "egress": [],
            "id": "sg-0f180d08deee366a0",
            "ingress": [],
            "name": "allow_postgresql_ingress",
            "name_prefix": "",
            "owner_id": "242794709741",
            "revoke_rules_on_delete": false,
            "tags": {
              "Name": "allow_ssh_postgresql"
            },
            "tags_all": {
              "Name": "allow_ssh_postgresql"
            },
            "timeouts": null,
            "vpc_id": "vpc-095365bfaa0a0a10c"
          },
          "sensitive_attributes": [],
          "private": "eyJlMmJmYjczMC1lY2FhLTExZTYtOGY4OC0zNDM2M2JjN2M0YzAiOnsiY3JlYXRlIjo2MDAwMDAwMDAwMDAsImRlbGV0ZSI6OTAwMDAwMDAwMDAwfSwic2NoZW1hX3ZlcnNpb24iOiIxIn0=",
          "dependencies": [
            "data.aws_vpc.main_vpc"
          ]
        }
      ]
    },
    {
      "mode": "managed",
      "type": "aws_security_group_rule",
      "name": "egress_rules",
      "provider": "provider[\"registry.terraform.io/hashicorp/aws\"]",
      "instances": [
        {
          "index_key": 0,
          "schema_version": 2,
          "attributes": {
            "cidr_blocks": [
              "10.69.22.0/24",
              "10.69.31.0/24",
              "10.69.30.0/24",
              "10.69.32.0/24"
            ],
            "description": "ssh access",
            "from_port": 22,
            "id": "sgrule-182191970",
            "ipv6_cidr_blocks": null,
            "prefix_list_ids": null,
            "protocol": "tcp",
            "security_group_id": "sg-0f180d08deee366a0",
            "security_group_rule_id": "",
            "self": false,
            "source_security_group_id": null,
            "timeouts": null,
            "to_port": 22,
            "type": "egress"
          },
          "sensitive_attributes": [],
          "private": "eyJlMmJmYjczMC1lY2FhLTExZTYtOGY4OC0zNDM2M2JjN2M0YzAiOnsiY3JlYXRlIjozMDAwMDAwMDAwMDB9LCJzY2hlbWFfdmVyc2lvbiI6IjIifQ==",
          "dependencies": [
            "aws_security_group.pgsql_allow",
            "data.aws_security_group.selected_sg",
            "data.aws_subnet.ec2_subnet",
            "data.aws_subnet.rds_subnet_array",
            "data.aws_subnets.rds_subnets",
            "data.aws_vpc.main_vpc"
          ]
        },
        {
          "index_key": 1,
          "schema_version": 2,
          "attributes": {
            "cidr_blocks": [
              "10.69.22.0/24",
              "10.69.31.0/24",
              "10.69.30.0/24",
              "10.69.32.0/24"
            ],
            "description": "postgresql access",
            "from_port": 5432,
            "id": "sgrule-401729489",
            "ipv6_cidr_blocks": null,
            "prefix_list_ids": null,
            "protocol": "tcp",
            "security_group_id": "sg-0f180d08deee366a0",
            "security_group_rule_id": "",
            "self": false,
            "source_security_group_id": null,
            "timeouts": null,
            "to_port": 5432,
            "type": "egress"
          },
          "sensitive_attributes": [],
          "private": "eyJlMmJmYjczMC1lY2FhLTExZTYtOGY4OC0zNDM2M2JjN2M0YzAiOnsiY3JlYXRlIjozMDAwMDAwMDAwMDB9LCJzY2hlbWFfdmVyc2lvbiI6IjIifQ==",
          "dependencies": [
            "aws_security_group.pgsql_allow",
            "data.aws_security_group.selected_sg",
            "data.aws_subnet.ec2_subnet",
            "data.aws_subnet.rds_subnet_array",
            "data.aws_subnets.rds_subnets",
            "data.aws_vpc.main_vpc"
          ]
        }
      ]
    },
    {
      "mode": "managed",
      "type": "aws_security_group_rule",
      "name": "ingress_rules",
      "provider": "provider[\"registry.terraform.io/hashicorp/aws\"]",
      "instances": [
        {
          "index_key": 0,
          "schema_version": 2,
          "attributes": {
            "cidr_blocks": [
              "10.69.22.0/24",
              "10.69.31.0/24",
              "10.69.30.0/24",
              "10.69.32.0/24"
            ],
            "description": "ssh access",
            "from_port": 22,
            "id": "sgrule-1147804925",
            "ipv6_cidr_blocks": null,
            "prefix_list_ids": null,
            "protocol": "tcp",
            "security_group_id": "sg-0f180d08deee366a0",
            "security_group_rule_id": "",
            "self": false,
            "source_security_group_id": null,
            "timeouts": null,
            "to_port": 22,
            "type": "ingress"
          },
          "sensitive_attributes": [],
          "private": "eyJlMmJmYjczMC1lY2FhLTExZTYtOGY4OC0zNDM2M2JjN2M0YzAiOnsiY3JlYXRlIjozMDAwMDAwMDAwMDB9LCJzY2hlbWFfdmVyc2lvbiI6IjIifQ==",
          "dependencies": [
            "aws_security_group.pgsql_allow",
            "data.aws_security_group.selected_sg",
            "data.aws_subnet.ec2_subnet",
            "data.aws_subnet.rds_subnet_array",
            "data.aws_subnets.rds_subnets",
            "data.aws_vpc.main_vpc"
          ]
        },
        {
          "index_key": 1,
          "schema_version": 2,
          "attributes": {
            "cidr_blocks": [
              "10.69.22.0/24",
              "10.69.31.0/24",
              "10.69.30.0/24",
              "10.69.32.0/24"
            ],
            "description": "postgresql access",
            "from_port": 5432,
            "id": "sgrule-371184427",
            "ipv6_cidr_blocks": null,
            "prefix_list_ids": null,
            "protocol": "tcp",
            "security_group_id": "sg-0f180d08deee366a0",
            "security_group_rule_id": "",
            "self": false,
            "source_security_group_id": null,
            "timeouts": null,
            "to_port": 5432,
            "type": "ingress"
          },
          "sensitive_attributes": [],
          "private": "eyJlMmJmYjczMC1lY2FhLTExZTYtOGY4OC0zNDM2M2JjN2M0YzAiOnsiY3JlYXRlIjozMDAwMDAwMDAwMDB9LCJzY2hlbWFfdmVyc2lvbiI6IjIifQ==",
          "dependencies": [
            "aws_security_group.pgsql_allow",
            "data.aws_security_group.selected_sg",
            "data.aws_subnet.ec2_subnet",
            "data.aws_subnet.rds_subnet_array",
            "data.aws_subnets.rds_subnets",
            "data.aws_vpc.main_vpc"
          ]
        }
      ]
    },
    {
      "mode": "managed",
      "type": "local_file",
      "name": "executable_file",
      "provider": "provider[\"registry.terraform.io/hashicorp/local\"]",
      "instances": [
        {
          "schema_version": 0,
          "attributes": {
            "content": "/* Setup */\r\n\\c partner-ehotel\r\ncreate extension pglogical;\r\nselect pglogical.drop_node('provider', true);\r\n\r\n/* Create node */\r\nselect pglogical.create_node(node_name := 'provider', dsn := 'host=banking-int.cluster-ro-cb5ytt5zm3va.eu-central-1.rds.amazonaws.com port=5432 user=thedock dbname=partner-ehotel password=Password123!');\r\n\r\n/* BI Setup */\r\nselect pglogical.create_replication_set(set_name := 'a2a_transfers');\r\nselect pglogical.create_replication_set(set_name := 'account_service');\r\nselect pglogical.create_replication_set(set_name := 'bank_transfer_service');\r\nselect pglogical.create_replication_set(set_name := 'card_service');\r\nselect pglogical.create_replication_set(set_name := 'tenant_service');\r\n\r\n\r\nselect pglogical.replication_set_add_table(set_name := 'a2a_transfers', relation := 'a2a_transfers.a2a_transfer_instruments', synchronize_data := true, columns := '{id,a2a_transfer_holder_id,inserted_at,tenant_id,tenant_path,definition_id,external_reference,account_id}');\r\nselect pglogical.replication_set_add_table(set_name := 'a2a_transfers', relation := 'a2a_transfers.a2a_transfer_payments', synchronize_data := true, columns := '{id,sender_id,recipient_id,amount,currency,description,external_reference,inserted_at}');\r\n\r\nselect pglogical.replication_set_add_table(set_name := 'account_service', relation := 'account_service.account_holders', synchronize_data := true, columns := '{id,tenant_id,tenant_path,identities,account_holder_name,inserted_at,external_reference}');\r\nselect pglogical.replication_set_add_table(set_name := 'account_service', relation := 'account_service.accounts', synchronize_data := true, columns := '{id,tenant_id,tenant_path,account_holder_id,currency,external_reference,inserted_at,definition_id}');\r\nselect pglogical.replication_set_add_table(set_name := 'account_service', relation := 'account_service.technical_accounts', synchronize_data := true, columns := '{id,account_id,kind,vendor}');\r\nselect pglogical.replication_set_add_table(set_name := 'account_service', relation := 'account_service.transactions', synchronize_data := true, columns := '{id,technical_account_id,account_vendor,account_vendor_transaction_id,technical_description,amount,balance_after,account_currency,reference_transaction_id,kind,initiated_at,value_dated_at,inserted_at,instrument_id,serial_id}');\r\nselect pglogical.replication_set_add_table(set_name := 'account_service', relation := 'account_service.accounts_status_history', synchronize_data := true, columns := '{id,account_id,status,internal_status,inserted_at}');\r\nselect pglogical.replication_set_add_table(set_name := 'account_service', relation := 'account_service.technical_accounts_debit_hold_balance_history', synchronize_data := true, columns := '{id,technical_account_id,amount,currency,inserted_at}');\r\n\r\nselect pglogical.replication_set_add_table(set_name := 'bank_transfer_service', relation := 'bank_transfer_service.bank_transfer_holders', synchronize_data := true, columns := '{id,identities,inserted_at,tenant_id,tenant_path,external_reference}');\r\nselect pglogical.replication_set_add_table(set_name := 'bank_transfer_service', relation := 'bank_transfer_service.bank_transfer_instrument', synchronize_data := true, columns := '{id,account_id,vendor,vendor_reference_id,bank_transfer_holder_id,definition_id,external_reference,tenant_id,tenant_path,inserted_at}');\r\nselect pglogical.replication_set_add_table(set_name := 'bank_transfer_service', relation := 'bank_transfer_service.transactions', synchronize_data := true, columns := '{id,payment_system,vendor,vendor_transaction_id,bank_transfer_instrument_id,executed_at,initiated_at,amount,currency,inserted_at,payment_instance_id,reversal_of}');\r\nselect pglogical.replication_set_add_table(set_name := 'bank_transfer_service', relation := 'bank_transfer_service.bank_transfer_holders_label_history', synchronize_data := true, columns := '{id,bank_transfer_holder_id,inserted_at}');\r\n\r\nselect pglogical.replication_set_add_table(set_name := 'card_service', relation := 'card_service.authorizations', synchronize_data := true, columns := '{id,card_id,is_refund,channel,vendor,initiated_at,acquirer_id,merchant_id,merchant_name,merchant_address,merchant_city,merchant_state,merchant_country,mcc,inserted_at,wallet_token_id}');\r\nselect pglogical.replication_set_add_table(set_name := 'card_service', relation := 'card_service.cards', synchronize_data := true, columns := '{id,account_id,card_holder_id,product_def_root_id,external_reference,initial_card_id,replaces_card_id,first_four_digits,last_four_digits,name_on_card,expiration_timestamp,card_type,vendor,network,currency,inserted_at,tenant_id,tenant_path,created_at,line_2,line_3,replacement_reason}');\r\nselect pglogical.replication_set_add_table(set_name := 'card_service', relation := 'card_service.cards_marqeta', synchronize_data := true, columns := '{id,card_token,user_token,business_token,product_token,masked_pan,instrument_type,marqeta_created_at,inserted_at,card_holder_marqeta_id}');\r\nselect pglogical.replication_set_add_table(set_name := 'card_service', relation := 'card_service.cards_status_low_history', synchronize_data := true, columns := '{id,card_id,status_low,inserted_at,event_at}');\r\nselect pglogical.replication_set_add_table(set_name := 'card_service', relation := 'card_service.clearings', synchronize_data := true, columns := '{id,initial_authorization_id,vendor_event_id,card_id,used_3d_secure_authentication,channel,kind,vendor,bill_amount,cash_back_amount,transaction_amount,bill_currency,transaction_currency,network_reference_id,merchant_id,merchant_name,merchant_address,merchant_city,merchant_state,merchant_country,mcc,initiated_at,processed_at,interchange_fee_amount,acquirer_fee_amount,acquirer_id,acquirer_reference_number,acquirer_system_trace_audit_number,batch_number,inserted_at,currency_conversion_rate,cross_border_issuer_fee_amount}');\r\nselect pglogical.replication_set_add_table(set_name := 'card_service', relation := 'card_service.velocity_controls', synchronize_data := true, columns := '{id,target_kind,target_id,scope,tenant_id,tenant_path,inserted_at}');\r\nselect pglogical.replication_set_add_table(set_name := 'card_service', relation := 'card_service.cards_marqeta_status_history', synchronize_data := true, columns := '{id,card_marqeta_id,inserted_at,event_id,status,event_at}');\r\nselect pglogical.replication_set_add_table(set_name := 'card_service', relation := 'card_service.velocity_controls_window_history', synchronize_data := true, columns := '{id,velocity_control_id,window_kind,window_interval,amount,amount_currency,start_dt,end_dt,inserted_at}');\r\n\r\nselect pglogical.replication_set_add_table(set_name := 'tenant_service', relation := 'tenant_service.tenants', synchronize_data := true, columns := '{id,path,inserted_at}');\r\nselect pglogical.replication_set_add_table(set_name := 'tenant_service', relation := 'tenant_service.tenants_label_history', synchronize_data := true, columns := '{id,tenant_id,inserted_at}');",
            "content_base64": null,
            "content_base64sha256": "tgtU4Py2OIDd5bboo+KVLUNdfVwf8i1dGc0SUM1I5tg=",
            "content_base64sha512": "fY0/I6UrTI8JFMt/BC5WnmymXqVZKUOD5g2L21kg5Fb+geAf44B27PUVnd+fBO2vaFJG0hDTOxgBMjpeUkPwGw==",
            "content_md5": "48822352ef0c254ab740b55df3e0c5ac",
            "content_sha1": "d01f58f6c64a79e976b4a84b9b14da18d3834a52",
            "content_sha256": "b60b54e0fcb63880dde5b6e8a3e2952d435d7d5c1ff22d5d19cd1250cd48e6d8",
            "content_sha512": "7d8d3f23a52b4c8f0914cb7f042e569e6ca65ea559294383e60d8bdb5920e456fe81e01fe38076ecf5159ddf9f04edaf685246d210d33b1801323a5e5243f01b",
            "directory_permission": "0777",
            "file_permission": "644",
            "filename": "source.sql",
            "id": "d01f58f6c64a79e976b4a84b9b14da18d3834a52",
            "sensitive_content": null,
            "source": null
          },
          "sensitive_attributes": [],
          "dependencies": [
            "aws_rds_cluster_parameter_group.pg14logical",
            "aws_security_group.pgsql_allow",
            "data.aws_db_cluster_snapshot.thedock_snapshot",
            "data.aws_security_group.default",
            "data.aws_security_group.selected_sg",
            "data.aws_vpc.main_vpc",
            "module.cluster.aws_cloudwatch_log_group.this",
            "module.cluster.aws_db_subnet_group.this",
            "module.cluster.aws_rds_cluster.this",
            "module.cluster.aws_rds_cluster_parameter_group.this",
            "module.cluster.aws_security_group.this"
          ]
        }
      ]
    },
    {
      "mode": "managed",
      "type": "null_resource",
      "name": "database_configuration",
      "provider": "provider[\"registry.terraform.io/hashicorp/null\"]",
      "instances": [
        {
          "status": "tainted",
          "schema_version": 0,
          "attributes": {
            "id": "5473438944019638564",
            "triggers": {
              "always_run": "2023-11-10T15:23:50Z"
            }
          },
          "sensitive_attributes": [],
          "dependencies": [
            "aws_instance.ec2_instance",
            "aws_key_pair.deployer",
            "aws_rds_cluster_parameter_group.pg14logical",
            "aws_security_group.pgsql_allow",
            "data.aws_db_cluster_snapshot.thedock_snapshot",
            "data.aws_security_group.default",
            "data.aws_security_group.selected_sg",
            "data.aws_subnets.private_subnets",
            "data.aws_vpc.main_vpc",
            "module.cluster.aws_appautoscaling_policy.this",
            "module.cluster.aws_appautoscaling_target.this",
            "module.cluster.aws_cloudwatch_log_group.this",
            "module.cluster.aws_db_parameter_group.this",
            "module.cluster.aws_db_subnet_group.this",
            "module.cluster.aws_iam_role.rds_enhanced_monitoring",
            "module.cluster.aws_iam_role_policy_attachment.rds_enhanced_monitoring",
            "module.cluster.aws_rds_cluster.this",
            "module.cluster.aws_rds_cluster_endpoint.this",
            "module.cluster.aws_rds_cluster_instance.this",
            "module.cluster.aws_rds_cluster_parameter_group.this",
            "module.cluster.aws_rds_cluster_role_association.this",
            "module.cluster.aws_security_group.this",
            "module.cluster.aws_security_group_rule.this",
            "module.cluster.data.aws_iam_policy_document.monitoring_rds_assume_role",
            "module.cluster.data.aws_partition.current"
          ]
        }
      ]
    },
    {
      "module": "module.cluster",
      "mode": "data",
      "type": "aws_partition",
      "name": "current",
      "provider": "provider[\"registry.terraform.io/hashicorp/aws\"]",
      "instances": [
        {
          "schema_version": 0,
          "attributes": {
            "dns_suffix": "amazonaws.com",
            "id": "aws",
            "partition": "aws",
            "reverse_dns_prefix": "com.amazonaws"
          },
          "sensitive_attributes": []
        }
      ]
    },
    {
      "module": "module.cluster",
      "mode": "managed",
      "type": "aws_cloudwatch_log_group",
      "name": "this",
      "provider": "provider[\"registry.terraform.io/hashicorp/aws\"]",
      "instances": []
    },
    {
      "module": "module.cluster",
      "mode": "managed",
      "type": "aws_db_parameter_group",
      "name": "this",
      "provider": "provider[\"registry.terraform.io/hashicorp/aws\"]",
      "instances": []
    },
    {
      "module": "module.cluster",
      "mode": "managed",
      "type": "aws_db_subnet_group",
      "name": "this",
      "provider": "provider[\"registry.terraform.io/hashicorp/aws\"]",
      "instances": []
    },
    {
      "module": "module.cluster",
      "mode": "managed",
      "type": "aws_iam_role",
      "name": "rds_enhanced_monitoring",
      "provider": "provider[\"registry.terraform.io/hashicorp/aws\"]",
      "instances": []
    },
    {
      "module": "module.cluster",
      "mode": "managed",
      "type": "aws_rds_cluster",
      "name": "this",
      "provider": "provider[\"registry.terraform.io/hashicorp/aws\"]",
      "instances": [
        {
          "index_key": 0,
          "schema_version": 0,
          "attributes": {
            "allocated_storage": 1,
            "allow_major_version_upgrade": false,
            "apply_immediately": null,
            "arn": "arn:aws:rds:eu-central-1:242794709741:cluster:banking-int",
            "availability_zones": [
              "eu-central-1a",
              "eu-central-1b",
              "eu-central-1c"
            ],
            "backtrack_window": 0,
            "backup_retention_period": 7,
            "cluster_identifier": "banking-int",
            "cluster_identifier_prefix": null,
            "cluster_members": [],
            "cluster_resource_id": "cluster-HJE7X6NIKEPJFPA4MAPFJPIBQM",
            "copy_tags_to_snapshot": false,
            "database_name": null,
            "db_cluster_instance_class": "",
            "db_cluster_parameter_group_name": "aurorapgsql14logicalcluster",
            "db_instance_parameter_group_name": null,
            "db_subnet_group_name": "plgrnd-j-a-db-main",
            "deletion_protection": false,
            "enable_global_write_forwarding": false,
            "enable_http_endpoint": false,
            "enabled_cloudwatch_logs_exports": null,
            "endpoint": "banking-int.cluster-cb5ytt5zm3va.eu-central-1.rds.amazonaws.com",
            "engine": "aurora-postgresql",
            "engine_mode": "provisioned",
            "engine_version": "14.8",
            "engine_version_actual": "14.8",
            "final_snapshot_identifier": null,
            "global_cluster_identifier": "",
            "hosted_zone_id": "Z1RLNUO7B9Q6NB",
            "iam_database_authentication_enabled": true,
            "iam_roles": [],
            "id": "banking-int",
            "iops": 0,
            "kms_key_id": "arn:aws:kms:eu-central-1:869248983546:key/4dd75d74-1dd5-4282-8eac-f6de344e95c1",
            "manage_master_user_password": null,
            "master_password": "Password123!",
            "master_user_secret": [],
            "master_user_secret_kms_key_id": null,
            "master_username": "thedock",
            "network_type": "IPV4",
            "port": 5432,
            "preferred_backup_window": "02:00-03:00",
            "preferred_maintenance_window": "sun:05:00-sun:06:00",
            "reader_endpoint": "banking-int.cluster-ro-cb5ytt5zm3va.eu-central-1.rds.amazonaws.com",
            "replication_source_identifier": "",
            "restore_to_point_in_time": [],
            "s3_import": [],
            "scaling_configuration": [],
            "serverlessv2_scaling_configuration": [],
            "skip_final_snapshot": true,
            "snapshot_identifier": "banking-int",
            "source_region": null,
            "storage_encrypted": true,
            "storage_type": "",
            "tags": {
              "Environment": "banking-int",
              "Terraform": "true"
            },
            "tags_all": {
              "Environment": "banking-int",
              "Terraform": "true"
            },
            "timeouts": {
              "create": null,
              "delete": null,
              "update": null
            },
            "vpc_security_group_ids": [
              "sg-09ee0fbcf99613c64",
              "sg-0f180d08deee366a0",
              "sg-0ff561ac98263bf74"
            ]
          },
          "sensitive_attributes": [],
          "private": "eyJlMmJmYjczMC1lY2FhLTExZTYtOGY4OC0zNDM2M2JjN2M0YzAiOnsiY3JlYXRlIjo3MjAwMDAwMDAwMDAwLCJkZWxldGUiOjcyMDAwMDAwMDAwMDAsInVwZGF0ZSI6NzIwMDAwMDAwMDAwMH19",
          "dependencies": [
            "aws_rds_cluster_parameter_group.pg14logical",
            "aws_security_group.pgsql_allow",
            "data.aws_db_cluster_snapshot.thedock_snapshot",
            "data.aws_security_group.default",
            "data.aws_security_group.selected_sg",
            "data.aws_vpc.main_vpc",
            "module.cluster.aws_cloudwatch_log_group.this",
            "module.cluster.aws_db_subnet_group.this",
            "module.cluster.aws_rds_cluster_parameter_group.this",
            "module.cluster.aws_security_group.this"
          ]
        }
      ]
    },
    {
      "module": "module.cluster",
      "mode": "managed",
      "type": "aws_rds_cluster_endpoint",
      "name": "this",
      "provider": "provider[\"registry.terraform.io/hashicorp/aws\"]",
      "instances": []
    },
    {
      "module": "module.cluster",
      "mode": "managed",
      "type": "aws_rds_cluster_instance",
      "name": "this",
      "provider": "provider[\"registry.terraform.io/hashicorp/aws\"]",
      "instances": [
        {
          "index_key": "one",
          "schema_version": 0,
          "attributes": {
            "apply_immediately": null,
            "arn": "arn:aws:rds:eu-central-1:242794709741:db:banking-int-one",
            "auto_minor_version_upgrade": true,
            "availability_zone": "eu-central-1b",
            "ca_cert_identifier": "rds-ca-2019",
            "cluster_identifier": "banking-int",
            "copy_tags_to_snapshot": false,
            "db_parameter_group_name": "default.aurora-postgresql14",
            "db_subnet_group_name": "plgrnd-j-a-db-main",
            "dbi_resource_id": "db-NV7ISVTBKLR564C5ND3QUZ2OVQ",
            "endpoint": "banking-int-one.cb5ytt5zm3va.eu-central-1.rds.amazonaws.com",
            "engine": "aurora-postgresql",
            "engine_version": "14.8",
            "engine_version_actual": "14.8",
            "id": "banking-int-one",
            "identifier": "banking-int-one",
            "identifier_prefix": null,
            "instance_class": "db.t4g.medium",
            "kms_key_id": "arn:aws:kms:eu-central-1:869248983546:key/4dd75d74-1dd5-4282-8eac-f6de344e95c1",
            "monitoring_interval": 0,
            "monitoring_role_arn": "",
            "network_type": "IPV4",
            "performance_insights_enabled": false,
            "performance_insights_kms_key_id": "",
            "performance_insights_retention_period": 0,
            "port": 5432,
            "preferred_backup_window": "02:00-03:00",
            "preferred_maintenance_window": "sun:05:00-sun:06:00",
            "promotion_tier": 0,
            "publicly_accessible": false,
            "storage_encrypted": true,
            "tags": {
              "Environment": "banking-int",
              "Terraform": "true"
            },
            "tags_all": {
              "Environment": "banking-int",
              "Terraform": "true"
            },
            "timeouts": {
              "create": null,
              "delete": null,
              "update": null
            },
            "writer": true
          },
          "sensitive_attributes": [],
          "private": "eyJlMmJmYjczMC1lY2FhLTExZTYtOGY4OC0zNDM2M2JjN2M0YzAiOnsiY3JlYXRlIjo1NDAwMDAwMDAwMDAwLCJkZWxldGUiOjU0MDAwMDAwMDAwMDAsInVwZGF0ZSI6NTQwMDAwMDAwMDAwMH19",
          "dependencies": [
            "aws_rds_cluster_parameter_group.pg14logical",
            "aws_security_group.pgsql_allow",
            "data.aws_db_cluster_snapshot.thedock_snapshot",
            "data.aws_security_group.default",
            "data.aws_security_group.selected_sg",
            "data.aws_vpc.main_vpc",
            "module.cluster.aws_cloudwatch_log_group.this",
            "module.cluster.aws_db_parameter_group.this",
            "module.cluster.aws_db_subnet_group.this",
            "module.cluster.aws_iam_role.rds_enhanced_monitoring",
            "module.cluster.aws_rds_cluster.this",
            "module.cluster.aws_rds_cluster_parameter_group.this",
            "module.cluster.aws_security_group.this"
          ]
        }
      ]
    },
    {
      "module": "module.cluster",
      "mode": "managed",
      "type": "aws_rds_cluster_parameter_group",
      "name": "this",
      "provider": "provider[\"registry.terraform.io/hashicorp/aws\"]",
      "instances": []
    },
    {
      "module": "module.cluster",
      "mode": "managed",
      "type": "aws_rds_cluster_role_association",
      "name": "this",
      "provider": "provider[\"registry.terraform.io/hashicorp/aws\"]",
      "instances": []
    },
    {
      "module": "module.cluster",
      "mode": "managed",
      "type": "aws_security_group",
      "name": "this",
      "provider": "provider[\"registry.terraform.io/hashicorp/aws\"]",
      "instances": [
        {
          "index_key": 0,
          "schema_version": 1,
          "attributes": {
            "arn": "arn:aws:ec2:eu-central-1:242794709741:security-group/sg-09ee0fbcf99613c64",
            "description": "Control traffic to/from RDS Aurora banking-int",
            "egress": [],
            "id": "sg-09ee0fbcf99613c64",
            "ingress": [],
            "name": "banking-int-20231110145746991400000001",
            "name_prefix": "banking-int-",
            "owner_id": "242794709741",
            "revoke_rules_on_delete": false,
            "tags": {
              "Environment": "banking-int",
              "Name": "banking-int",
              "Terraform": "true"
            },
            "tags_all": {
              "Environment": "banking-int",
              "Name": "banking-int",
              "Terraform": "true"
            },
            "timeouts": null,
            "vpc_id": "vpc-095365bfaa0a0a10c"
          },
          "sensitive_attributes": [],
          "private": "eyJlMmJmYjczMC1lY2FhLTExZTYtOGY4OC0zNDM2M2JjN2M0YzAiOnsiY3JlYXRlIjo2MDAwMDAwMDAwMDAsImRlbGV0ZSI6OTAwMDAwMDAwMDAwfSwic2NoZW1hX3ZlcnNpb24iOiIxIn0=",
          "dependencies": [
            "data.aws_vpc.main_vpc"
          ],
          "create_before_destroy": true
        }
      ]
    }
  ],
  "check_results": null
}
